
Microsoft Visual Studio Solution File, Format Version 12.00
# Visual Studio 2012
Project("{FAE04EC0-301F-11D3-BF4B-00C04F79EFBC}") = "MobileDoCustomers", "MobileDoCustomers\MobileDoCustomers.csproj", "{DA9950D1-BDC5-4C26-962E-9A542AB6844F}"
EndProject
Project("{FAE04EC0-301F-11D3-BF4B-00C04F79EFBC}") = "MobileDoCustomers.iOS", "MobileDoCustomers.iOS\MobileDoCustomers.iOS.csproj", "{6A2B9E0E-277D-4251-9160-5A831D4482CE}"
EndProject
Project("{FAE04EC0-301F-11D3-BF4B-00C04F79EFBC}") = "MobileDoCustomers.Droid", "MobileDoCustomers.Droid\MobileDoCustomers.Droid.csproj", "{3DC4A5CE-4442-4485-A3D8-6326AFB572E8}"
EndProject
Global
	GlobalSection(SolutionConfigurationPlatforms) = preSolution
		Debug|Any CPU = Debug|Any CPU
		Release|Any CPU = Release|Any CPU
		Debug|iPhoneSimulator = Debug|iPhoneSimulator
		Release|iPhone = Release|iPhone
		Release|iPhoneSimulator = Release|iPhoneSimulator
		Debug|iPhone = Debug|iPhone
	EndGlobalSection
	GlobalSection(ProjectConfigurationPlatforms) = postSolution
		{DA9950D1-BDC5-4C26-962E-9A542AB6844F}.Debug|Any CPU.ActiveCfg = Debug|Any CPU
		{DA9950D1-BDC5-4C26-962E-9A542AB6844F}.Debug|Any CPU.Build.0 = Debug|Any CPU
		{DA9950D1-BDC5-4C26-962E-9A542AB6844F}.Release|Any CPU.ActiveCfg = Release|Any CPU
		{DA9950D1-BDC5-4C26-962E-9A542AB6844F}.Release|Any CPU.Build.0 = Release|Any CPU
		{DA9950D1-BDC5-4C26-962E-9A542AB6844F}.Debug|iPhoneSimulator.ActiveCfg = Debug|Any CPU
		{DA9950D1-BDC5-4C26-962E-9A542AB6844F}.Debug|iPhoneSimulator.Build.0 = Debug|Any CPU
		{DA9950D1-BDC5-4C26-962E-9A542AB6844F}.Release|iPhone.ActiveCfg = Release|Any CPU
		{DA9950D1-BDC5-4C26-962E-9A542AB6844F}.Release|iPhone.Build.0 = Release|Any CPU
		{DA9950D1-BDC5-4C26-962E-9A542AB6844F}.Release|iPhoneSimulator.ActiveCfg = Release|Any CPU
		{DA9950D1-BDC5-4C26-962E-9A542AB6844F}.Release|iPhoneSimulator.Build.0 = Release|Any CPU
		{DA9950D1-BDC5-4C26-962E-9A542AB6844F}.Debug|iPhone.ActiveCfg = Debug|Any CPU
		{DA9950D1-BDC5-4C26-962E-9A542AB6844F}.Debug|iPhone.Build.0 = Debug|Any CPU
		{6A2B9E0E-277D-4251-9160-5A831D4482CE}.Debug|Any CPU.ActiveCfg = Debug|iPhoneSimulator
		{6A2B9E0E-277D-4251-9160-5A831D4482CE}.Debug|Any CPU.Build.0 = Debug|iPhoneSimulator
		{6A2B9E0E-277D-4251-9160-5A831D4482CE}.Release|Any CPU.ActiveCfg = Release|iPhone
		{6A2B9E0E-277D-4251-9160-5A831D4482CE}.Release|Any CPU.Build.0 = Release|iPhone
		{6A2B9E0E-277D-4251-9160-5A831D4482CE}.Debug|iPhoneSimulator.ActiveCfg = Debug|iPhoneSimulator
		{6A2B9E0E-277D-4251-9160-5A831D4482CE}.Debug|iPhoneSimulator.Build.0 = Debug|iPhoneSimulator
		{6A2B9E0E-277D-4251-9160-5A831D4482CE}.Release|iPhone.ActiveCfg = Release|iPhone
		{6A2B9E0E-277D-4251-9160-5A831D4482CE}.Release|iPhone.Build.0 = Release|iPhone
		{6A2B9E0E-277D-4251-9160-5A831D4482CE}.Release|iPhoneSimulator.ActiveCfg = Release|iPhoneSimulator
		{6A2B9E0E-277D-4251-9160-5A831D4482CE}.Release|iPhoneSimulator.Build.0 = Release|iPhoneSimulator
		{6A2B9E0E-277D-4251-9160-5A831D4482CE}.Debug|iPhone.ActiveCfg = Debug|iPhone
		{6A2B9E0E-277D-4251-9160-5A831D4482CE}.Debug|iPhone.Build.0 = Debug|iPhone
		{3DC4A5CE-4442-4485-A3D8-6326AFB572E8}.Debug|Any CPU.ActiveCfg = Debug|Any CPU
		{3DC4A5CE-4442-4485-A3D8-6326AFB572E8}.Debug|Any CPU.Build.0 = Debug|Any CPU
		{3DC4A5CE-4442-4485-A3D8-6326AFB572E8}.Release|Any CPU.ActiveCfg = Release|Any CPU
		{3DC4A5CE-4442-4485-A3D8-6326AFB572E8}.Release|Any CPU.Build.0 = Release|Any CPU
		{3DC4A5CE-4442-4485-A3D8-6326AFB572E8}.Debug|iPhoneSimulator.ActiveCfg = Debug|Any CPU
		{3DC4A5CE-4442-4485-A3D8-6326AFB572E8}.Debug|iPhoneSimulator.Build.0 = Debug|Any CPU
		{3DC4A5CE-4442-4485-A3D8-6326AFB572E8}.Release|iPhone.ActiveCfg = Release|Any CPU
		{3DC4A5CE-4442-4485-A3D8-6326AFB572E8}.Release|iPhone.Build.0 = Release|Any CPU
		{3DC4A5CE-4442-4485-A3D8-6326AFB572E8}.Release|iPhoneSimulator.ActiveCfg = Release|Any CPU
		{3DC4A5CE-4442-4485-A3D8-6326AFB572E8}.Release|iPhoneSimulator.Build.0 = Release|Any CPU
		{3DC4A5CE-4442-4485-A3D8-6326AFB572E8}.Debug|iPhone.ActiveCfg = Debug|Any CPU
		{3DC4A5CE-4442-4485-A3D8-6326AFB572E8}.Debug|iPhone.Build.0 = Debug|Any CPU
	EndGlobalSection
EndGlobal
